
Microsoft Visual Studio Solution File, Format Version 12.00
# Visual Studio 15
VisualStudioVersion = 15.0.27004.2005
MinimumVisualStudioVersion = 10.0.40219.1
Project("{FAE04EC0-301F-11D3-BF4B-00C04F79EFBC}") = "WebAppMvcAlunos", "WebAppMvcAlunos\WebAppMvcAlunos.csproj", "{4E8CD4DE-21A1-4BB4-85A6-9D44D9675B54}"
EndProject
Global
	GlobalSection(SolutionConfigurationPlatforms) = preSolution
		Debug|Any CPU = Debug|Any CPU
		Release|Any CPU = Release|Any CPU
	EndGlobalSection
	GlobalSection(ProjectConfigurationPlatforms) = postSolution
		{4E8CD4DE-21A1-4BB4-85A6-9D44D9675B54}.Debug|Any CPU.ActiveCfg = Debug|Any CPU
		{4E8CD4DE-21A1-4BB4-85A6-9D44D9675B54}.Debug|Any CPU.Build.0 = Debug|Any CPU
		{4E8CD4DE-21A1-4BB4-85A6-9D44D9675B54}.Release|Any CPU.ActiveCfg = Release|Any CPU
		{4E8CD4DE-21A1-4BB4-85A6-9D44D9675B54}.Release|Any CPU.Build.0 = Release|Any CPU
	EndGlobalSection
	GlobalSection(SolutionProperties) = preSolution
		HideSolutionNode = FALSE
	EndGlobalSection
	GlobalSection(ExtensibilityGlobals) = postSolution
		SolutionGuid = {B0A44891-949A-4EF1-A595-E9380F67390C}
	EndGlobalSection
EndGlobal
